{
    "_readme": [
        "This file locks the dependencies of your project to a known state",
        "Read more about it at https://getcomposer.org/doc/01-basic-usage.md#composer-lock-the-lock-file",
        "This file is @generated automatically"
    ],
    "hash": "5c6c1ff0d7a577da2db4b1567c60b8a4",
    "content-hash": "ddaf3c274b8f9f5854cd99d310506b70",
    "packages": [
        {
            "name": "phreeze/phreeze",
            "version": "dev-master",
            "source": {
                "type": "git",
                "url": "https://github.com/jasonhinkle/phreeze.git",
                "reference": "6e45b1b29449ab5e7b81d2b8cb60ed61ec438e62"
            },
            "dist": {
                "type": "zip",
                "url": "https://api.github.com/repos/jasonhinkle/phreeze/zipball/6e45b1b29449ab5e7b81d2b8cb60ed61ec438e62",
                "reference": "6e45b1b29449ab5e7b81d2b8cb60ed61ec438e62",
                "shasum": ""
            },
            "require": {
                "php": ">=5.3.0"
            },
            "type": "library",
            "notification-url": "https://packagist.org/downloads/",
            "license": [
                "LGPL-2.1"
            ],
            "description": "A lightweight ORM + MVC framework for PHP",
            "time": "2016-03-13 23:46:25"
        },
        {
            "name": "twilio/sdk",
            "version": "4.10.0",
            "source": {
                "type": "git",
                "url": "https://github.com/twilio/twilio-php.git",
                "reference": "292fef46097bcc935007a117ddce9acc40a1a8c1"
            },
            "dist": {
                "type": "zip",
                "url": "https://api.github.com/repos/twilio/twilio-php/zipball/292fef46097bcc935007a117ddce9acc40a1a8c1",
                "reference": "292fef46097bcc935007a117ddce9acc40a1a8c1",
                "shasum": ""
            },
            "require": {
                "php": ">=5.2.1"
            },
            "require-dev": {
                "mockery/mockery": ">=0.7.2",
                "phpunit/phpunit": "4.5.*"
            },
            "type": "library",
            "autoload": {
                "files": [
                    "Services/Twilio.php"
                ]
            },
            "notification-url": "https://packagist.org/downloads/",
            "license": [
                "MIT"
            ],
            "authors": [
                {
                    "name": "Kevin Burke",
                    "email": "kevin@twilio.com"
                },
                {
                    "name": "Kyle Conroy",
                    "email": "kyle+pear@twilio.com"
                }
            ],
            "description": "A PHP wrapper for Twilio's API",
            "homepage": "http://github.com/twilio/twilio-php",
            "keywords": [
                "api",
                "sms",
                "twilio"
            ],
            "time": "2016-01-29 00:19:22"
        }
    ],
    "packages-dev": [],
    "aliases": [],
    "minimum-stability": "stable",
    "stability-flags": {
        "phreeze/phreeze": 20
    },
    "prefer-stable": false,
    "prefer-lowest": false,
    "platform": [],
    "platform-dev": []
}
